
Microsoft Visual Studio Solution File, Format Version 12.00
# Visual Studio 15
VisualStudioVersion = 15.0.27004.2009
MinimumVisualStudioVersion = 10.0.40219.1
Project("{FAE04EC0-301F-11D3-BF4B-00C04F79EFBC}") = "CertStoreVerify", "CertStoreVerify\CertStoreVerify.csproj", "{7063906A-67F0-434E-B511-435A66DD1553}"
EndProject
Global
	GlobalSection(SolutionConfigurationPlatforms) = preSolution
		Debug|Any CPU = Debug|Any CPU
		Release|Any CPU = Release|Any CPU
	EndGlobalSection
	GlobalSection(ProjectConfigurationPlatforms) = postSolution
		{7063906A-67F0-434E-B511-435A66DD1553}.Debug|Any CPU.ActiveCfg = Debug|Any CPU
		{7063906A-67F0-434E-B511-435A66DD1553}.Debug|Any CPU.Build.0 = Debug|Any CPU
		{7063906A-67F0-434E-B511-435A66DD1553}.Release|Any CPU.ActiveCfg = Release|Any CPU
		{7063906A-67F0-434E-B511-435A66DD1553}.Release|Any CPU.Build.0 = Release|Any CPU
	EndGlobalSection
	GlobalSection(SolutionProperties) = preSolution
		HideSolutionNode = FALSE
	EndGlobalSection
	GlobalSection(ExtensibilityGlobals) = postSolution
		SolutionGuid = {9863AB82-4783-4ACF-A8B0-4982D52113EC}
	EndGlobalSection
EndGlobal
